
Microsoft Visual Studio Solution File, Format Version 12.00
# Visual Studio Version 17
VisualStudioVersion = 17.4.33205.214
MinimumVisualStudioVersion = 10.0.40219.1
Project("{FAE04EC0-301F-11D3-BF4B-00C04F79EFBC}") = "SerializationTest", "SerializationTest.csproj", "{AEBF0E0E-1AD5-4EF2-94E5-602FEF2B41A2}"
EndProject
Global
	GlobalSection(SolutionConfigurationPlatforms) = preSolution
		Debug|Any CPU = Debug|Any CPU
		Release|Any CPU = Release|Any CPU
	EndGlobalSection
	GlobalSection(ProjectConfigurationPlatforms) = postSolution
		{AEBF0E0E-1AD5-4EF2-94E5-602FEF2B41A2}.Debug|Any CPU.ActiveCfg = Debug|Any CPU
		{AEBF0E0E-1AD5-4EF2-94E5-602FEF2B41A2}.Debug|Any CPU.Build.0 = Debug|Any CPU
		{AEBF0E0E-1AD5-4EF2-94E5-602FEF2B41A2}.Release|Any CPU.ActiveCfg = Release|Any CPU
		{AEBF0E0E-1AD5-4EF2-94E5-602FEF2B41A2}.Release|Any CPU.Build.0 = Release|Any CPU
	EndGlobalSection
	GlobalSection(SolutionProperties) = preSolution
		HideSolutionNode = FALSE
	EndGlobalSection
	GlobalSection(ExtensibilityGlobals) = postSolution
		SolutionGuid = {880BF3A5-0DC1-4251-B4BF-524F621813C3}
	EndGlobalSection
EndGlobal
